Microsoft Visual Studio Solution File, Format Version 12.00
# Visual Studio Version 17
VisualStudioVersion = 17.5.2.0
MinimumVisualStudioVersion = 10.0.40219.1
Project("{FAE04EC0-301F-11D3-BF4B-00C04F79EFBC}") = "extra", "extra.csproj", "{29949D8C-92F5-BCA7-9D67-959ABC1E58CA}"
EndProject
Global
	GlobalSection(SolutionConfigurationPlatforms) = preSolution
		Debug|Any CPU = Debug|Any CPU
		Release|Any CPU = Release|Any CPU
	EndGlobalSection
	GlobalSection(ProjectConfigurationPlatforms) = postSolution
		{29949D8C-92F5-BCA7-9D67-959ABC1E58CA}.Debug|Any CPU.ActiveCfg = Debug|Any CPU
		{29949D8C-92F5-BCA7-9D67-959ABC1E58CA}.Debug|Any CPU.Build.0 = Debug|Any CPU
		{29949D8C-92F5-BCA7-9D67-959ABC1E58CA}.Release|Any CPU.ActiveCfg = Release|Any CPU
		{29949D8C-92F5-BCA7-9D67-959ABC1E58CA}.Release|Any CPU.Build.0 = Release|Any CPU
	EndGlobalSection
	GlobalSection(SolutionProperties) = preSolution
		HideSolutionNode = FALSE
	EndGlobalSection
	GlobalSection(ExtensibilityGlobals) = postSolution
		SolutionGuid = {413A7E11-F5D5-4AFA-8C06-20A5ED862A0B}
	EndGlobalSection
EndGlobal
